
Microsoft Visual Studio Solution File, Format Version 11.00
# Visual Studio 2010
Project("{FAE04EC0-301F-11D3-BF4B-00C04F79EFBC}") = "App", "App\App.csproj", "{D7D6EFBD-E6F1-4276-904B-60EC756D9724}"
EndProject
Project("{2150E333-8FDC-42A3-9474-1A3956D46DE8}") = "Solution Items", "Solution Items", "{0B6F8E3A-114F-48B6-874B-0BF44A6D7177}"
	ProjectSection(SolutionItems) = preProject
		MakeItSo.config = MakeItSo.config
	EndProjectSection
EndProject
Global
	GlobalSection(SolutionConfigurationPlatforms) = preSolution
		Debug|x86 = Debug|x86
		Release|x86 = Release|x86
	EndGlobalSection
	GlobalSection(ProjectConfigurationPlatforms) = postSolution
		{D7D6EFBD-E6F1-4276-904B-60EC756D9724}.Debug|x86.ActiveCfg = Debug|x86
		{D7D6EFBD-E6F1-4276-904B-60EC756D9724}.Debug|x86.Build.0 = Debug|x86
		{D7D6EFBD-E6F1-4276-904B-60EC756D9724}.Release|x86.ActiveCfg = Release|x86
		{D7D6EFBD-E6F1-4276-904B-60EC756D9724}.Release|x86.Build.0 = Release|x86
	EndGlobalSection
	GlobalSection(SolutionProperties) = preSolution
		HideSolutionNode = FALSE
	EndGlobalSection
EndGlobal
