
Microsoft Visual Studio Solution File, Format Version 10.00
# Visual Studio 2008
Project("{FAE04EC0-301F-11D3-BF4B-00C04F79EFBC}") = "TextLib", "TextLib\TextLib.csproj", "{73AFDB2C-6A7E-42B4-B527-3CFF4E9BACE9}"
EndProject
Project("{FAE04EC0-301F-11D3-BF4B-00C04F79EFBC}") = "App", "App\App.csproj", "{254C6499-7D14-48A5-B0CD-5498902AB4A7}"
EndProject
Global
	GlobalSection(SolutionConfigurationPlatforms) = preSolution
		Debug|Any CPU = Debug|Any CPU
		Release|Any CPU = Release|Any CPU
	EndGlobalSection
	GlobalSection(ProjectConfigurationPlatforms) = postSolution
		{73AFDB2C-6A7E-42B4-B527-3CFF4E9BACE9}.Debug|Any CPU.ActiveCfg = Debug|Any CPU
		{73AFDB2C-6A7E-42B4-B527-3CFF4E9BACE9}.Debug|Any CPU.Build.0 = Debug|Any CPU
		{73AFDB2C-6A7E-42B4-B527-3CFF4E9BACE9}.Release|Any CPU.ActiveCfg = Release|Any CPU
		{73AFDB2C-6A7E-42B4-B527-3CFF4E9BACE9}.Release|Any CPU.Build.0 = Release|Any CPU
		{254C6499-7D14-48A5-B0CD-5498902AB4A7}.Debug|Any CPU.ActiveCfg = Debug|Any CPU
		{254C6499-7D14-48A5-B0CD-5498902AB4A7}.Debug|Any CPU.Build.0 = Debug|Any CPU
		{254C6499-7D14-48A5-B0CD-5498902AB4A7}.Release|Any CPU.ActiveCfg = Release|Any CPU
		{254C6499-7D14-48A5-B0CD-5498902AB4A7}.Release|Any CPU.Build.0 = Release|Any CPU
	EndGlobalSection
	GlobalSection(SolutionProperties) = preSolution
		HideSolutionNode = FALSE
	EndGlobalSection
EndGlobal
