
Microsoft Visual Studio Solution File, Format Version 11.00
# Visual Studio 2010
Project("{FAE04EC0-301F-11D3-BF4B-00C04F79EFBC}") = "WorldLib", "WorldLib\WorldLib.csproj", "{3899376F-0C41-414B-BA60-7B0457C08B51}"
EndProject
Project("{FAE04EC0-301F-11D3-BF4B-00C04F79EFBC}") = "TextLib", "TextLib\TextLib.csproj", "{FBD8AE35-613A-44C0-A0DA-585898DC97FF}"
EndProject
Project("{FAE04EC0-301F-11D3-BF4B-00C04F79EFBC}") = "App", "App\App.csproj", "{C20F6E24-1F62-42FE-A37B-D8C21E6B19FB}"
EndProject
Project("{2150E333-8FDC-42A3-9474-1A3956D46DE8}") = "Solution Items", "Solution Items", "{809207AF-5D58-4BC8-99F0-83DB391D75BE}"
	ProjectSection(SolutionItems) = preProject
		MakeItSo.config = MakeItSo.config
	EndProjectSection
EndProject
Global
	GlobalSection(SolutionConfigurationPlatforms) = preSolution
		Debug|Any CPU = Debug|Any CPU
		Debug|Mixed Platforms = Debug|Mixed Platforms
		Debug|x86 = Debug|x86
		Release|Any CPU = Release|Any CPU
		Release|Mixed Platforms = Release|Mixed Platforms
		Release|x86 = Release|x86
	EndGlobalSection
	GlobalSection(ProjectConfigurationPlatforms) = postSolution
		{3899376F-0C41-414B-BA60-7B0457C08B51}.Debug|Any CPU.ActiveCfg = Debug|Any CPU
		{3899376F-0C41-414B-BA60-7B0457C08B51}.Debug|Any CPU.Build.0 = Debug|Any CPU
		{3899376F-0C41-414B-BA60-7B0457C08B51}.Debug|Mixed Platforms.ActiveCfg = Debug|Any CPU
		{3899376F-0C41-414B-BA60-7B0457C08B51}.Debug|Mixed Platforms.Build.0 = Debug|Any CPU
		{3899376F-0C41-414B-BA60-7B0457C08B51}.Debug|x86.ActiveCfg = Debug|Any CPU
		{3899376F-0C41-414B-BA60-7B0457C08B51}.Release|Any CPU.ActiveCfg = Release|Any CPU
		{3899376F-0C41-414B-BA60-7B0457C08B51}.Release|Any CPU.Build.0 = Release|Any CPU
		{3899376F-0C41-414B-BA60-7B0457C08B51}.Release|Mixed Platforms.ActiveCfg = Release|Any CPU
		{3899376F-0C41-414B-BA60-7B0457C08B51}.Release|Mixed Platforms.Build.0 = Release|Any CPU
		{3899376F-0C41-414B-BA60-7B0457C08B51}.Release|x86.ActiveCfg = Release|Any CPU
		{FBD8AE35-613A-44C0-A0DA-585898DC97FF}.Debug|Any CPU.ActiveCfg = Debug|Any CPU
		{FBD8AE35-613A-44C0-A0DA-585898DC97FF}.Debug|Any CPU.Build.0 = Debug|Any CPU
		{FBD8AE35-613A-44C0-A0DA-585898DC97FF}.Debug|Mixed Platforms.ActiveCfg = Debug|Any CPU
		{FBD8AE35-613A-44C0-A0DA-585898DC97FF}.Debug|Mixed Platforms.Build.0 = Debug|Any CPU
		{FBD8AE35-613A-44C0-A0DA-585898DC97FF}.Debug|x86.ActiveCfg = Debug|Any CPU
		{FBD8AE35-613A-44C0-A0DA-585898DC97FF}.Release|Any CPU.ActiveCfg = Release|Any CPU
		{FBD8AE35-613A-44C0-A0DA-585898DC97FF}.Release|Any CPU.Build.0 = Release|Any CPU
		{FBD8AE35-613A-44C0-A0DA-585898DC97FF}.Release|Mixed Platforms.ActiveCfg = Release|Any CPU
		{FBD8AE35-613A-44C0-A0DA-585898DC97FF}.Release|Mixed Platforms.Build.0 = Release|Any CPU
		{FBD8AE35-613A-44C0-A0DA-585898DC97FF}.Release|x86.ActiveCfg = Release|Any CPU
		{C20F6E24-1F62-42FE-A37B-D8C21E6B19FB}.Debug|Any CPU.ActiveCfg = Debug|x86
		{C20F6E24-1F62-42FE-A37B-D8C21E6B19FB}.Debug|Mixed Platforms.ActiveCfg = Debug|x86
		{C20F6E24-1F62-42FE-A37B-D8C21E6B19FB}.Debug|Mixed Platforms.Build.0 = Debug|x86
		{C20F6E24-1F62-42FE-A37B-D8C21E6B19FB}.Debug|x86.ActiveCfg = Debug|x86
		{C20F6E24-1F62-42FE-A37B-D8C21E6B19FB}.Debug|x86.Build.0 = Debug|x86
		{C20F6E24-1F62-42FE-A37B-D8C21E6B19FB}.Release|Any CPU.ActiveCfg = Release|x86
		{C20F6E24-1F62-42FE-A37B-D8C21E6B19FB}.Release|Mixed Platforms.ActiveCfg = Release|x86
		{C20F6E24-1F62-42FE-A37B-D8C21E6B19FB}.Release|Mixed Platforms.Build.0 = Release|x86
		{C20F6E24-1F62-42FE-A37B-D8C21E6B19FB}.Release|x86.ActiveCfg = Release|x86
		{C20F6E24-1F62-42FE-A37B-D8C21E6B19FB}.Release|x86.Build.0 = Release|x86
	EndGlobalSection
	GlobalSection(SolutionProperties) = preSolution
		HideSolutionNode = FALSE
	EndGlobalSection
EndGlobal
