
Microsoft Visual Studio Solution File, Format Version 11.00
# Visual Studio 2010
Project("{FAE04EC0-301F-11D3-BF4B-00C04F79EFBC}") = "CopiedFile", "CopiedFile.csproj", "{A056738E-1A59-4DE2-8148-83CB400C2CF0}"
EndProject
Global
	GlobalSection(SolutionConfigurationPlatforms) = preSolution
		Debug|x86 = Debug|x86
		Release|x86 = Release|x86
	EndGlobalSection
	GlobalSection(ProjectConfigurationPlatforms) = postSolution
		{A056738E-1A59-4DE2-8148-83CB400C2CF0}.Debug|x86.ActiveCfg = Debug|x86
		{A056738E-1A59-4DE2-8148-83CB400C2CF0}.Debug|x86.Build.0 = Debug|x86
		{A056738E-1A59-4DE2-8148-83CB400C2CF0}.Release|x86.ActiveCfg = Release|x86
		{A056738E-1A59-4DE2-8148-83CB400C2CF0}.Release|x86.Build.0 = Release|x86
	EndGlobalSection
	GlobalSection(SolutionProperties) = preSolution
		HideSolutionNode = FALSE
	EndGlobalSection
EndGlobal
