
Microsoft Visual Studio Solution File, Format Version 11.00
# Visual Studio 2010
Project("{8BC9CEB8-8B4A-11D0-8D11-00A0C91BC942}") = "TextLib", "TextLib\TextLib.vcxproj", "{E9E98E77-F0E9-4A9E-A534-015FB406D10E}"
EndProject
Project("{8BC9CEB8-8B4A-11D0-8D11-00A0C91BC942}") = "App", "App\App.vcxproj", "{0732E876-21A0-4F4E-8D5E-939D2928B612}"
	ProjectSection(ProjectDependencies) = postProject
		{E9E98E77-F0E9-4A9E-A534-015FB406D10E} = {E9E98E77-F0E9-4A9E-A534-015FB406D10E}
	EndProjectSection
EndProject
Global
	GlobalSection(SolutionConfigurationPlatforms) = preSolution
		Debug|Win32 = Debug|Win32
		Release|Win32 = Release|Win32
	EndGlobalSection
	GlobalSection(ProjectConfigurationPlatforms) = postSolution
		{E9E98E77-F0E9-4A9E-A534-015FB406D10E}.Debug|Win32.ActiveCfg = Debug|Win32
		{E9E98E77-F0E9-4A9E-A534-015FB406D10E}.Debug|Win32.Build.0 = Debug|Win32
		{E9E98E77-F0E9-4A9E-A534-015FB406D10E}.Release|Win32.ActiveCfg = Release|Win32
		{E9E98E77-F0E9-4A9E-A534-015FB406D10E}.Release|Win32.Build.0 = Release|Win32
		{0732E876-21A0-4F4E-8D5E-939D2928B612}.Debug|Win32.ActiveCfg = Debug|Win32
		{0732E876-21A0-4F4E-8D5E-939D2928B612}.Debug|Win32.Build.0 = Debug|Win32
		{0732E876-21A0-4F4E-8D5E-939D2928B612}.Release|Win32.ActiveCfg = Release|Win32
		{0732E876-21A0-4F4E-8D5E-939D2928B612}.Release|Win32.Build.0 = Release|Win32
	EndGlobalSection
	GlobalSection(SolutionProperties) = preSolution
		HideSolutionNode = FALSE
	EndGlobalSection
EndGlobal
