
Microsoft Visual Studio Solution File, Format Version 10.00
# Visual Studio 2008
Project("{8BC9CEB8-8B4A-11D0-8D11-00A0C91BC942}") = "TextLibrary", "TextLibrary\TextLibrary.vcproj", "{5CD96355-3B04-4284-842B-5747EE8F7D1F}"
EndProject
Project("{8BC9CEB8-8B4A-11D0-8D11-00A0C91BC942}") = "HelloApp", "HelloApp\HelloApp.vcproj", "{7245208C-8AA2-4C43-9AF2-E5CBAAA0C261}"
	ProjectSection(ProjectDependencies) = postProject
		{5CD96355-3B04-4284-842B-5747EE8F7D1F} = {5CD96355-3B04-4284-842B-5747EE8F7D1F}
	EndProjectSection
EndProject
Project("{2150E333-8FDC-42A3-9474-1A3956D46DE8}") = "Solution Items", "Solution Items", "{645B3669-5055-48FD-8732-926F8FC96CAD}"
	ProjectSection(SolutionItems) = preProject
		notes.txt = notes.txt
	EndProjectSection
EndProject
Global
	GlobalSection(SolutionConfigurationPlatforms) = preSolution
		Debug|Win32 = Debug|Win32
		Release|Win32 = Release|Win32
	EndGlobalSection
	GlobalSection(ProjectConfigurationPlatforms) = postSolution
		{5CD96355-3B04-4284-842B-5747EE8F7D1F}.Debug|Win32.ActiveCfg = Debug|Win32
		{5CD96355-3B04-4284-842B-5747EE8F7D1F}.Debug|Win32.Build.0 = Debug|Win32
		{5CD96355-3B04-4284-842B-5747EE8F7D1F}.Release|Win32.ActiveCfg = Release|Win32
		{5CD96355-3B04-4284-842B-5747EE8F7D1F}.Release|Win32.Build.0 = Release|Win32
		{7245208C-8AA2-4C43-9AF2-E5CBAAA0C261}.Debug|Win32.ActiveCfg = Debug|Win32
		{7245208C-8AA2-4C43-9AF2-E5CBAAA0C261}.Debug|Win32.Build.0 = Debug|Win32
		{7245208C-8AA2-4C43-9AF2-E5CBAAA0C261}.Release|Win32.ActiveCfg = Release|Win32
		{7245208C-8AA2-4C43-9AF2-E5CBAAA0C261}.Release|Win32.Build.0 = Release|Win32
	EndGlobalSection
	GlobalSection(SolutionProperties) = preSolution
		HideSolutionNode = FALSE
	EndGlobalSection
EndGlobal
