
Microsoft Visual Studio Solution File, Format Version 10.00
# Visual Studio 2008
Project("{8BC9CEB8-8B4A-11D0-8D11-00A0C91BC942}") = "App1", "App1\App1.vcproj", "{B9EFCC08-5959-4E98-8CF4-4278C92432BE}"
EndProject
Project("{8BC9CEB8-8B4A-11D0-8D11-00A0C91BC942}") = "App2", "App2\App2.vcproj", "{0F705669-97F1-4216-BB12-A8867E3FF82D}"
EndProject
Global
	GlobalSection(SolutionConfigurationPlatforms) = preSolution
		Debug|Win32 = Debug|Win32
		Release|Win32 = Release|Win32
	EndGlobalSection
	GlobalSection(ProjectConfigurationPlatforms) = postSolution
		{B9EFCC08-5959-4E98-8CF4-4278C92432BE}.Debug|Win32.ActiveCfg = Debug|Win32
		{B9EFCC08-5959-4E98-8CF4-4278C92432BE}.Debug|Win32.Build.0 = Debug|Win32
		{B9EFCC08-5959-4E98-8CF4-4278C92432BE}.Release|Win32.ActiveCfg = Release|Win32
		{B9EFCC08-5959-4E98-8CF4-4278C92432BE}.Release|Win32.Build.0 = Release|Win32
		{0F705669-97F1-4216-BB12-A8867E3FF82D}.Debug|Win32.ActiveCfg = Debug|Win32
		{0F705669-97F1-4216-BB12-A8867E3FF82D}.Debug|Win32.Build.0 = Debug|Win32
		{0F705669-97F1-4216-BB12-A8867E3FF82D}.Release|Win32.ActiveCfg = Release|Win32
		{0F705669-97F1-4216-BB12-A8867E3FF82D}.Release|Win32.Build.0 = Release|Win32
	EndGlobalSection
	GlobalSection(SolutionProperties) = preSolution
		HideSolutionNode = FALSE
	EndGlobalSection
EndGlobal
