
Microsoft Visual Studio Solution File, Format Version 10.00
# Visual Studio 2008
Project("{FAE04EC0-301F-11D3-BF4B-00C04F79EFBC}") = "TextLib", "TextLib\TextLib.csproj", "{48B0882C-B538-4206-9A8C-3E92E71F26E5}"
EndProject
Project("{FAE04EC0-301F-11D3-BF4B-00C04F79EFBC}") = "App", "App\App.csproj", "{15E842C3-1D5F-458B-994D-37BB0D3CE717}"
EndProject
Global
	GlobalSection(SolutionConfigurationPlatforms) = preSolution
		Debug|Any CPU = Debug|Any CPU
		Release|Any CPU = Release|Any CPU
	EndGlobalSection
	GlobalSection(ProjectConfigurationPlatforms) = postSolution
		{48B0882C-B538-4206-9A8C-3E92E71F26E5}.Debug|Any CPU.ActiveCfg = Debug|Any CPU
		{48B0882C-B538-4206-9A8C-3E92E71F26E5}.Debug|Any CPU.Build.0 = Debug|Any CPU
		{48B0882C-B538-4206-9A8C-3E92E71F26E5}.Release|Any CPU.ActiveCfg = Release|Any CPU
		{48B0882C-B538-4206-9A8C-3E92E71F26E5}.Release|Any CPU.Build.0 = Release|Any CPU
		{15E842C3-1D5F-458B-994D-37BB0D3CE717}.Debug|Any CPU.ActiveCfg = Debug|Any CPU
		{15E842C3-1D5F-458B-994D-37BB0D3CE717}.Debug|Any CPU.Build.0 = Debug|Any CPU
		{15E842C3-1D5F-458B-994D-37BB0D3CE717}.Release|Any CPU.ActiveCfg = Release|Any CPU
		{15E842C3-1D5F-458B-994D-37BB0D3CE717}.Release|Any CPU.Build.0 = Release|Any CPU
	EndGlobalSection
	GlobalSection(SolutionProperties) = preSolution
		HideSolutionNode = FALSE
	EndGlobalSection
EndGlobal
