
Microsoft Visual Studio Solution File, Format Version 10.00
# Visual Studio 2008
Project("{8BC9CEB8-8B4A-11D0-8D11-00A0C91BC942}") = "App", "App\App.vcproj", "{8D334F60-D4B7-4BFF-BDAC-6916C88FEDAB}"
EndProject
Project("{2150E333-8FDC-42A3-9474-1A3956D46DE8}") = "Solution Items", "Solution Items", "{213CDC42-7770-4073-8F5A-7456B16EFDBA}"
	ProjectSection(SolutionItems) = preProject
		MakeItSo.config = MakeItSo.config
	EndProjectSection
EndProject
Global
	GlobalSection(SolutionConfigurationPlatforms) = preSolution
		Debug|Win32 = Debug|Win32
		Release|Win32 = Release|Win32
	EndGlobalSection
	GlobalSection(ProjectConfigurationPlatforms) = postSolution
		{8D334F60-D4B7-4BFF-BDAC-6916C88FEDAB}.Debug|Win32.ActiveCfg = Debug|Win32
		{8D334F60-D4B7-4BFF-BDAC-6916C88FEDAB}.Debug|Win32.Build.0 = Debug|Win32
		{8D334F60-D4B7-4BFF-BDAC-6916C88FEDAB}.Release|Win32.ActiveCfg = Release|Win32
		{8D334F60-D4B7-4BFF-BDAC-6916C88FEDAB}.Release|Win32.Build.0 = Release|Win32
	EndGlobalSection
	GlobalSection(SolutionProperties) = preSolution
		HideSolutionNode = FALSE
	EndGlobalSection
EndGlobal
