
Microsoft Visual Studio Solution File, Format Version 11.00
# Visual Studio 2010
Project("{8BC9CEB8-8B4A-11D0-8D11-00A0C91BC942}") = "TextLib", "TextLib\TextLib.vcxproj", "{AF567735-8A8B-46A7-9E11-DD907BB1B915}"
EndProject
Project("{8BC9CEB8-8B4A-11D0-8D11-00A0C91BC942}") = "App", "App\App.vcxproj", "{EC7CDD78-0483-4F07-896F-455D7DE45232}"
EndProject
Global
	GlobalSection(SolutionConfigurationPlatforms) = preSolution
		Debug|Win32 = Debug|Win32
		Release|Win32 = Release|Win32
	EndGlobalSection
	GlobalSection(ProjectConfigurationPlatforms) = postSolution
		{AF567735-8A8B-46A7-9E11-DD907BB1B915}.Debug|Win32.ActiveCfg = Debug|Win32
		{AF567735-8A8B-46A7-9E11-DD907BB1B915}.Debug|Win32.Build.0 = Debug|Win32
		{AF567735-8A8B-46A7-9E11-DD907BB1B915}.Release|Win32.ActiveCfg = Release|Win32
		{AF567735-8A8B-46A7-9E11-DD907BB1B915}.Release|Win32.Build.0 = Release|Win32
		{EC7CDD78-0483-4F07-896F-455D7DE45232}.Debug|Win32.ActiveCfg = Debug|Win32
		{EC7CDD78-0483-4F07-896F-455D7DE45232}.Debug|Win32.Build.0 = Debug|Win32
		{EC7CDD78-0483-4F07-896F-455D7DE45232}.Release|Win32.ActiveCfg = Release|Win32
		{EC7CDD78-0483-4F07-896F-455D7DE45232}.Release|Win32.Build.0 = Release|Win32
	EndGlobalSection
	GlobalSection(SolutionProperties) = preSolution
		HideSolutionNode = FALSE
	EndGlobalSection
EndGlobal
