
Microsoft Visual Studio Solution File, Format Version 11.00
# Visual Studio 2010
Project("{8BC9CEB8-8B4A-11D0-8D11-00A0C91BC942}") = "HelloLib", "HelloLib\HelloLib.vcxproj", "{B3734980-C710-4FB5-955C-B3907EB3D849}"
EndProject
Project("{8BC9CEB8-8B4A-11D0-8D11-00A0C91BC942}") = "WorldLib", "WorldLib\WorldLib.vcxproj", "{0C9A8A20-6BCA-45F4-872D-4F3E03EAC688}"
EndProject
Project("{8BC9CEB8-8B4A-11D0-8D11-00A0C91BC942}") = "App", "App\App.vcxproj", "{8D949AFE-D0C9-4AFB-B876-491C12387AD3}"
EndProject
Project("{2150E333-8FDC-42A3-9474-1A3956D46DE8}") = "Solution Items", "Solution Items", "{1C28CBE7-9C7F-434D-83C9-4916F79BB0BC}"
	ProjectSection(SolutionItems) = preProject
		MakeItSo.config = MakeItSo.config
	EndProjectSection
EndProject
Global
	GlobalSection(SolutionConfigurationPlatforms) = preSolution
		Debug|Win32 = Debug|Win32
		Release|Win32 = Release|Win32
	EndGlobalSection
	GlobalSection(ProjectConfigurationPlatforms) = postSolution
		{B3734980-C710-4FB5-955C-B3907EB3D849}.Debug|Win32.ActiveCfg = Debug|Win32
		{B3734980-C710-4FB5-955C-B3907EB3D849}.Debug|Win32.Build.0 = Debug|Win32
		{B3734980-C710-4FB5-955C-B3907EB3D849}.Release|Win32.ActiveCfg = Release|Win32
		{B3734980-C710-4FB5-955C-B3907EB3D849}.Release|Win32.Build.0 = Release|Win32
		{0C9A8A20-6BCA-45F4-872D-4F3E03EAC688}.Debug|Win32.ActiveCfg = Debug|Win32
		{0C9A8A20-6BCA-45F4-872D-4F3E03EAC688}.Debug|Win32.Build.0 = Debug|Win32
		{0C9A8A20-6BCA-45F4-872D-4F3E03EAC688}.Release|Win32.ActiveCfg = Release|Win32
		{0C9A8A20-6BCA-45F4-872D-4F3E03EAC688}.Release|Win32.Build.0 = Release|Win32
		{8D949AFE-D0C9-4AFB-B876-491C12387AD3}.Debug|Win32.ActiveCfg = Debug|Win32
		{8D949AFE-D0C9-4AFB-B876-491C12387AD3}.Debug|Win32.Build.0 = Debug|Win32
		{8D949AFE-D0C9-4AFB-B876-491C12387AD3}.Release|Win32.ActiveCfg = Release|Win32
		{8D949AFE-D0C9-4AFB-B876-491C12387AD3}.Release|Win32.Build.0 = Release|Win32
	EndGlobalSection
	GlobalSection(SolutionProperties) = preSolution
		HideSolutionNode = FALSE
	EndGlobalSection
EndGlobal
