
Microsoft Visual Studio Solution File, Format Version 11.00
# Visual Studio 2010
Project("{FAE04EC0-301F-11D3-BF4B-00C04F79EFBC}") = "HelloLib", "HelloLib\HelloLib.csproj", "{E3743DC3-1A26-41EF-A3A2-5D32A72DF23D}"
EndProject
Project("{FAE04EC0-301F-11D3-BF4B-00C04F79EFBC}") = "WorldLib", "WorldLib\WorldLib.csproj", "{43910C15-5B45-4039-8133-48DCBFC75D00}"
EndProject
Project("{FAE04EC0-301F-11D3-BF4B-00C04F79EFBC}") = "TextLib", "TextLib\TextLib.csproj", "{081814FE-1FB2-4A07-A0EB-7BEC3A867506}"
EndProject
Project("{FAE04EC0-301F-11D3-BF4B-00C04F79EFBC}") = "App", "App\App.csproj", "{B2030058-1076-48F0-9AEA-1545F08D282D}"
EndProject
Global
	GlobalSection(SolutionConfigurationPlatforms) = preSolution
		Debug|Any CPU = Debug|Any CPU
		Debug|Mixed Platforms = Debug|Mixed Platforms
		Debug|x86 = Debug|x86
		Release|Any CPU = Release|Any CPU
		Release|Mixed Platforms = Release|Mixed Platforms
		Release|x86 = Release|x86
	EndGlobalSection
	GlobalSection(ProjectConfigurationPlatforms) = postSolution
		{E3743DC3-1A26-41EF-A3A2-5D32A72DF23D}.Debug|Any CPU.ActiveCfg = Debug|Any CPU
		{E3743DC3-1A26-41EF-A3A2-5D32A72DF23D}.Debug|Any CPU.Build.0 = Debug|Any CPU
		{E3743DC3-1A26-41EF-A3A2-5D32A72DF23D}.Debug|Mixed Platforms.ActiveCfg = Debug|Any CPU
		{E3743DC3-1A26-41EF-A3A2-5D32A72DF23D}.Debug|Mixed Platforms.Build.0 = Debug|Any CPU
		{E3743DC3-1A26-41EF-A3A2-5D32A72DF23D}.Debug|x86.ActiveCfg = Debug|Any CPU
		{E3743DC3-1A26-41EF-A3A2-5D32A72DF23D}.Release|Any CPU.ActiveCfg = Release|Any CPU
		{E3743DC3-1A26-41EF-A3A2-5D32A72DF23D}.Release|Any CPU.Build.0 = Release|Any CPU
		{E3743DC3-1A26-41EF-A3A2-5D32A72DF23D}.Release|Mixed Platforms.ActiveCfg = Release|Any CPU
		{E3743DC3-1A26-41EF-A3A2-5D32A72DF23D}.Release|Mixed Platforms.Build.0 = Release|Any CPU
		{E3743DC3-1A26-41EF-A3A2-5D32A72DF23D}.Release|x86.ActiveCfg = Release|Any CPU
		{43910C15-5B45-4039-8133-48DCBFC75D00}.Debug|Any CPU.ActiveCfg = Debug|Any CPU
		{43910C15-5B45-4039-8133-48DCBFC75D00}.Debug|Any CPU.Build.0 = Debug|Any CPU
		{43910C15-5B45-4039-8133-48DCBFC75D00}.Debug|Mixed Platforms.ActiveCfg = Debug|Any CPU
		{43910C15-5B45-4039-8133-48DCBFC75D00}.Debug|Mixed Platforms.Build.0 = Debug|Any CPU
		{43910C15-5B45-4039-8133-48DCBFC75D00}.Debug|x86.ActiveCfg = Debug|Any CPU
		{43910C15-5B45-4039-8133-48DCBFC75D00}.Release|Any CPU.ActiveCfg = Release|Any CPU
		{43910C15-5B45-4039-8133-48DCBFC75D00}.Release|Any CPU.Build.0 = Release|Any CPU
		{43910C15-5B45-4039-8133-48DCBFC75D00}.Release|Mixed Platforms.ActiveCfg = Release|Any CPU
		{43910C15-5B45-4039-8133-48DCBFC75D00}.Release|Mixed Platforms.Build.0 = Release|Any CPU
		{43910C15-5B45-4039-8133-48DCBFC75D00}.Release|x86.ActiveCfg = Release|Any CPU
		{081814FE-1FB2-4A07-A0EB-7BEC3A867506}.Debug|Any CPU.ActiveCfg = Debug|Any CPU
		{081814FE-1FB2-4A07-A0EB-7BEC3A867506}.Debug|Any CPU.Build.0 = Debug|Any CPU
		{081814FE-1FB2-4A07-A0EB-7BEC3A867506}.Debug|Mixed Platforms.ActiveCfg = Debug|Any CPU
		{081814FE-1FB2-4A07-A0EB-7BEC3A867506}.Debug|Mixed Platforms.Build.0 = Debug|Any CPU
		{081814FE-1FB2-4A07-A0EB-7BEC3A867506}.Debug|x86.ActiveCfg = Debug|Any CPU
		{081814FE-1FB2-4A07-A0EB-7BEC3A867506}.Release|Any CPU.ActiveCfg = Release|Any CPU
		{081814FE-1FB2-4A07-A0EB-7BEC3A867506}.Release|Any CPU.Build.0 = Release|Any CPU
		{081814FE-1FB2-4A07-A0EB-7BEC3A867506}.Release|Mixed Platforms.ActiveCfg = Release|Any CPU
		{081814FE-1FB2-4A07-A0EB-7BEC3A867506}.Release|Mixed Platforms.Build.0 = Release|Any CPU
		{081814FE-1FB2-4A07-A0EB-7BEC3A867506}.Release|x86.ActiveCfg = Release|Any CPU
		{B2030058-1076-48F0-9AEA-1545F08D282D}.Debug|Any CPU.ActiveCfg = Debug|x86
		{B2030058-1076-48F0-9AEA-1545F08D282D}.Debug|Mixed Platforms.ActiveCfg = Debug|x86
		{B2030058-1076-48F0-9AEA-1545F08D282D}.Debug|Mixed Platforms.Build.0 = Debug|x86
		{B2030058-1076-48F0-9AEA-1545F08D282D}.Debug|x86.ActiveCfg = Debug|x86
		{B2030058-1076-48F0-9AEA-1545F08D282D}.Debug|x86.Build.0 = Debug|x86
		{B2030058-1076-48F0-9AEA-1545F08D282D}.Release|Any CPU.ActiveCfg = Release|x86
		{B2030058-1076-48F0-9AEA-1545F08D282D}.Release|Mixed Platforms.ActiveCfg = Release|x86
		{B2030058-1076-48F0-9AEA-1545F08D282D}.Release|Mixed Platforms.Build.0 = Release|x86
		{B2030058-1076-48F0-9AEA-1545F08D282D}.Release|x86.ActiveCfg = Release|x86
		{B2030058-1076-48F0-9AEA-1545F08D282D}.Release|x86.Build.0 = Release|x86
	EndGlobalSection
	GlobalSection(SolutionProperties) = preSolution
		HideSolutionNode = FALSE
	EndGlobalSection
EndGlobal
